{
  "name": "Wechat-miniprogram-UploadHealth",
  "lockfileVersion": 2,
  "requires": true,
  "packages": {
    "": {
      "dependencies": {
        "mp-progress": "^1.2.14"
      }
    },
    "node_modules/mp-progress": {
      "version": "1.2.14",
      "resolved": "https://registry.npmjs.org/mp-progress/-/mp-progress-1.2.14.tgz",
      "integrity": "sha512-lYJyRIYsc/XjuD1KOMbMBlaHhJdsfFY+7VZ3xJnB5FE4q2HIjvYHhnThy6bVmfIh4dCxnImZuMjsrhGBRlG94w=="
    }
  },
  "dependencies": {
    "mp-progress": {
      "version": "1.2.14",
      "resolved": "https://registry.npmjs.org/mp-progress/-/mp-progress-1.2.14.tgz",
      "integrity": "sha512-lYJyRIYsc/XjuD1KOMbMBlaHhJdsfFY+7VZ3xJnB5FE4q2HIjvYHhnThy6bVmfIh4dCxnImZuMjsrhGBRlG94w=="
    }
  }
}
